{
  "name": "kokjo-f9-geocode",
  "lockfileVersion": 3,
  "requires": true,
  "packages": {
    "": {
      "name": "kokjo-f9-geocode",
      "dependencies": {
        "@geolonia/normalize-japanese-addresses": "3.1.3"
      }
    },
    "node_modules/@geolonia/japanese-addresses-v2": {
      "version": "0.0.5",
      "resolved": "https://registry.npmjs.org/@geolonia/japanese-addresses-v2/-/japanese-addresses-v2-0.0.5.tgz",
      "integrity": "sha512-oQsBRSCGVp18xDpHMGjudJuOmr5NNu4D+LSljAGW2w2oyDTa7KM34Id6ZSILBs/PqvKGfvpMCb8aOfW+tblMWg==",
      "license": "MIT"
    },
    "node_modules/@geolonia/japanese-numeral": {
      "version": "1.0.2",
      "resolved": "https://registry.npmjs.org/@geolonia/japanese-numeral/-/japanese-numeral-1.0.2.tgz",
      "integrity": "sha512-fOgkPtiewCpdMtQRqbfbR1ebkv4yxNoic0e90GYCdDzScUjrwc3AezpbGuw0sPUJE8HcT2TLZYdp7qpI7TQwHw==",
      "license": "MIT",
      "engines": {
        "node": ">=14.0.0"
      }
    },
    "node_modules/@geolonia/normalize-japanese-addresses": {
      "version": "3.1.3",
      "resolved": "https://registry.npmjs.org/@geolonia/normalize-japanese-addresses/-/normalize-japanese-addresses-3.1.3.tgz",
      "integrity": "sha512-hf3D01j4fahSdx7XsG0IKHmsZQBBfZEoTD7qLr5lQkewnCfKSMn9ocZ9DSIdyvOkKU1WSBquHsHw8KQfRJ+BSQ==",
      "license": "MIT",
      "dependencies": {
        "@geolonia/japanese-addresses-v2": "0.0.5",
        "@geolonia/japanese-numeral": "^1.0.2",
        "lru-cache": "^11.0.1",
        "papaparse": "^5.4.1",
        "undici": "^6.19.8"
      },
      "engines": {
        "node": ">=18"
      }
    },
    "node_modules/lru-cache": {
      "version": "11.5.2",
      "resolved": "https://registry.npmjs.org/lru-cache/-/lru-cache-11.5.2.tgz",
      "integrity": "sha512-4pfM1Ff0x50o0tQwb5ucw/RzNyD0/YJME6IVcStalZuMWxdt3sR3huStTtxz4PUmvZfRguvDejasvQ2kifR11g==",
      "license": "BlueOak-1.0.0",
      "engines": {
        "node": "20 || >=22"
      }
    },
    "node_modules/papaparse": {
      "version": "5.5.4",
      "resolved": "https://registry.npmjs.org/papaparse/-/papaparse-5.5.4.tgz",
      "integrity": "sha512-SwzWD9gl/ElwYLCI0nUja1mFJzjq2D8ziShfNBa7zCHzkOozeOGDwHWQ+tvCzEZcewecWZ5U7kUopDnG+DFYEQ==",
      "license": "MIT"
    },
    "node_modules/undici": {
      "version": "6.28.0",
      "resolved": "https://registry.npmjs.org/undici/-/undici-6.28.0.tgz",
      "integrity": "sha512-LIY910g9TI13YS95lrMFrs8Rm/u/irgHeTWoKCoteeJ04CUJ92eEfj0rVn+7VKMPBpUPiUoBKfhNyLI23EE/KA==",
      "license": "MIT",
      "engines": {
        "node": ">=18.17"
      }
    }
  }
}
